Microsoft Visual Studio Solution File, Format Version 12.00
# Visual Studio 14
VisualStudioVersion = 14.0.25420.1
MinimumVisualStudioVersion = 10.0.40219.1
Project("{FAE04EC0-301F-11D3-BF4B-00C04F79EFBC}") = "ToDo.Server", "ToDo.Server\ToDo.Server.csproj", "{79623C90-8DAB-4DFC-954B-95F4210694DB}"
EndProject
Project("{FAE04EC0-301F-11D3-BF4B-00C04F79EFBC}") = "FluentToDo.Android", "FluentToDo\FluentToDo.Android\FluentToDo.Android.csproj", "{BD3C835E-0BD9-4473-ADE1-BCF93377734A}"
EndProject
Project("{FAE04EC0-301F-11D3-BF4B-00C04F79EFBC}") = "FluentToDo", "FluentToDo\FluentToDo\FluentToDo.csproj", "{A0C7638C-B112-4ADB-984D-B9FCD96CE95D}"
EndProject
Project("{FAE04EC0-301F-11D3-BF4B-00C04F79EFBC}") = "FluentToDo.UWP", "FluentToDo\FluentToDo.UWP\FluentToDo.UWP.csproj", "{453EBE71-079A-4F98-BD32-F0007EF39FE6}"
EndProject
Project("{FAE04EC0-301F-11D3-BF4B-00C04F79EFBC}") = "FluentToDo.iOS", "FluentToDo\FluentToDo.iOS\FluentToDo.iOS.csproj", "{575F7CD7-A575-4FCC-93C6-209B16743995}"
EndProject
Project("{2150E333-8FDC-42A3-9474-1A3956D46DE8}") = "Shared", "Shared", "{B3814DD8-6EC3-4D5B-A1DB-8DC83DDEC02B}"
EndProject
Project("{2150E333-8FDC-42A3-9474-1A3956D46DE8}") = "Server", "Server", "{A18A1382-B21B-467F-9618-7A1C6853E032}"
EndProject
Project("{2150E333-8FDC-42A3-9474-1A3956D46DE8}") = "Platform", "Platform", "{8A51FF5F-5334-4D8C-AC2F-90A5D15CCADE}"
EndProject
Project("{FAE04EC0-301F-11D3-BF4B-00C04F79EFBC}") = "ToDo.Core.ViewModels", "ToDo.Core.ViewModels\ToDo.Core.ViewModels.csproj", "{67F9D3A8-F71E-4428-913F-C37AE82CDB24}"
EndProject
Project("{FAE04EC0-301F-11D3-BF4B-00C04F79EFBC}") = "ToDo.Core", "ToDo.Core\ToDo.Core.csproj", "{FB54B934-1538-43DF-B63E-E4EE1E1825BE}"
EndProject
Global
	GlobalSection(SolutionConfigurationPlatforms) = preSolution
		Ad-Hoc|Any CPU = Ad-Hoc|Any CPU
		Ad-Hoc|ARM = Ad-Hoc|ARM
		Ad-Hoc|iPhone = Ad-Hoc|iPhone
		Ad-Hoc|iPhoneSimulator = Ad-Hoc|iPhoneSimulator
		Ad-Hoc|x64 = Ad-Hoc|x64
		Ad-Hoc|x86 = Ad-Hoc|x86
		AppStore|Any CPU = AppStore|Any CPU
		AppStore|ARM = AppStore|ARM
		AppStore|iPhone = AppStore|iPhone
		AppStore|iPhoneSimulator = AppStore|iPhoneSimulator
		AppStore|x64 = AppStore|x64
		AppStore|x86 = AppStore|x86
		Debug|Any CPU = Debug|Any CPU
		Debug|ARM = Debug|ARM
		Debug|iPhone = Debug|iPhone
		Debug|iPhoneSimulator = Debug|iPhoneSimulator
		Debug|x64 = Debug|x64
		Debug|x86 = Debug|x86
		Release|Any CPU = Release|Any CPU
		Release|ARM = Release|ARM
		Release|iPhone = Release|iPhone
		Release|iPhoneSimulator = Release|iPhoneSimulator
		Release|x64 = Release|x64
		Release|x86 = Release|x86
	EndGlobalSection
	GlobalSection(ProjectConfigurationPlatforms) = postSolution
		{79623C90-8DAB-4DFC-954B-95F4210694DB}.Ad-Hoc|Any CPU.ActiveCfg = Release|x86
		{79623C90-8DAB-4DFC-954B-95F4210694DB}.Ad-Hoc|Any CPU.Build.0 = Release|x86
		{79623C90-8DAB-4DFC-954B-95F4210694DB}.Ad-Hoc|ARM.ActiveCfg = Release|x86
		{79623C90-8DAB-4DFC-954B-95F4210694DB}.Ad-Hoc|ARM.Build.0 = Release|x86
		{79623C90-8DAB-4DFC-954B-95F4210694DB}.Ad-Hoc|iPhone.ActiveCfg = Release|x86
		{79623C90-8DAB-4DFC-954B-95F4210694DB}.Ad-Hoc|iPhone.Build.0 = Release|x86
		{79623C90-8DAB-4DFC-954B-95F4210694DB}.Ad-Hoc|iPhoneSimulator.ActiveCfg = Release|x86
		{79623C90-8DAB-4DFC-954B-95F4210694DB}.Ad-Hoc|iPhoneSimulator.Build.0 = Release|x86
		{79623C90-8DAB-4DFC-954B-95F4210694DB}.Ad-Hoc|x64.ActiveCfg = Release|x86
		{79623C90-8DAB-4DFC-954B-95F4210694DB}.Ad-Hoc|x64.Build.0 = Release|x86
		{79623C90-8DAB-4DFC-954B-95F4210694DB}.Ad-Hoc|x86.ActiveCfg = Release|x86
		{79623C90-8DAB-4DFC-954B-95F4210694DB}.Ad-Hoc|x86.Build.0 = Release|x86
		{79623C90-8DAB-4DFC-954B-95F4210694DB}.AppStore|Any CPU.ActiveCfg = Release|x86
		{79623C90-8DAB-4DFC-954B-95F4210694DB}.AppStore|Any CPU.Build.0 = Release|x86
		{79623C90-8DAB-4DFC-954B-95F4210694DB}.AppStore|ARM.ActiveCfg = Release|x86
		{79623C90-8DAB-4DFC-954B-95F4210694DB}.AppStore|ARM.Build.0 = Release|x86
		{79623C90-8DAB-4DFC-954B-95F4210694DB}.AppStore|iPhone.ActiveCfg = Release|x86
		{79623C90-8DAB-4DFC-954B-95F4210694DB}.AppStore|iPhone.Build.0 = Release|x86
		{79623C90-8DAB-4DFC-954B-95F4210694DB}.AppStore|iPhoneSimulator.ActiveCfg = Release|x86
		{79623C90-8DAB-4DFC-954B-95F4210694DB}.AppStore|iPhoneSimulator.Build.0 = Release|x86
		{79623C90-8DAB-4DFC-954B-95F4210694DB}.AppStore|x64.ActiveCfg = Release|x86
		{79623C90-8DAB-4DFC-954B-95F4210694DB}.AppStore|x64.Build.0 = Release|x86
		{79623C90-8DAB-4DFC-954B-95F4210694DB}.AppStore|x86.ActiveCfg = Release|x86
		{79623C90-8DAB-4DFC-954B-95F4210694DB}.AppStore|x86.Build.0 = Release|x86
		{79623C90-8DAB-4DFC-954B-95F4210694DB}.Debug|Any CPU.ActiveCfg = Debug|x86
		{79623C90-8DAB-4DFC-954B-95F4210694DB}.Debug|ARM.ActiveCfg = Debug|x86
		{79623C90-8DAB-4DFC-954B-95F4210694DB}.Debug|iPhone.ActiveCfg = Debug|x86
		{79623C90-8DAB-4DFC-954B-95F4210694DB}.Debug|iPhoneSimulator.ActiveCfg = Debug|x86
		{79623C90-8DAB-4DFC-954B-95F4210694DB}.Debug|x64.ActiveCfg = Debug|x86
		{79623C90-8DAB-4DFC-954B-95F4210694DB}.Debug|x86.ActiveCfg = Debug|x86
		{79623C90-8DAB-4DFC-954B-95F4210694DB}.Debug|x86.Build.0 = Debug|x86
		{79623C90-8DAB-4DFC-954B-95F4210694DB}.Release|Any CPU.ActiveCfg = Release|x86
		{79623C90-8DAB-4DFC-954B-95F4210694DB}.Release|ARM.ActiveCfg = Release|x86
		{79623C90-8DAB-4DFC-954B-95F4210694DB}.Release|iPhone.ActiveCfg = Release|x86
		{79623C90-8DAB-4DFC-954B-95F4210694DB}.Release|iPhoneSimulator.ActiveCfg = Release|x86
		{79623C90-8DAB-4DFC-954B-95F4210694DB}.Release|x64.ActiveCfg = Release|x86
		{79623C90-8DAB-4DFC-954B-95F4210694DB}.Release|x86.ActiveCfg = Release|x86
		{79623C90-8DAB-4DFC-954B-95F4210694DB}.Release|x86.Build.0 = Release|x86
		{BD3C835E-0BD9-4473-ADE1-BCF93377734A}.Ad-Hoc|Any CPU.ActiveCfg = Release|Any CPU
		{BD3C835E-0BD9-4473-ADE1-BCF93377734A}.Ad-Hoc|Any CPU.Build.0 = Release|Any CPU
		{BD3C835E-0BD9-4473-ADE1-BCF93377734A}.Ad-Hoc|Any CPU.Deploy.0 = Release|Any CPU
		{BD3C835E-0BD9-4473-ADE1-BCF93377734A}.Ad-Hoc|ARM.ActiveCfg = Release|Any CPU
		{BD3C835E-0BD9-4473-ADE1-BCF93377734A}.Ad-Hoc|ARM.Build.0 = Release|Any CPU
		{BD3C835E-0BD9-4473-ADE1-BCF93377734A}.Ad-Hoc|ARM.Deploy.0 = Release|Any CPU
		{BD3C835E-0BD9-4473-ADE1-BCF93377734A}.Ad-Hoc|iPhone.ActiveCfg = Release|Any CPU
		{BD3C835E-0BD9-4473-ADE1-BCF93377734A}.Ad-Hoc|iPhone.Build.0 = Release|Any CPU
		{BD3C835E-0BD9-4473-ADE1-BCF93377734A}.Ad-Hoc|iPhone.Deploy.0 = Release|Any CPU
		{BD3C835E-0BD9-4473-ADE1-BCF93377734A}.Ad-Hoc|iPhoneSimulator.ActiveCfg = Release|Any CPU
		{BD3C835E-0BD9-4473-ADE1-BCF93377734A}.Ad-Hoc|iPhoneSimulator.Build.0 = Release|Any CPU
		{BD3C835E-0BD9-4473-ADE1-BCF93377734A}.Ad-Hoc|iPhoneSimulator.Deploy.0 = Release|Any CPU
		{BD3C835E-0BD9-4473-ADE1-BCF93377734A}.Ad-Hoc|x64.ActiveCfg = Release|Any CPU
		{BD3C835E-0BD9-4473-ADE1-BCF93377734A}.Ad-Hoc|x64.Build.0 = Release|Any CPU
		{BD3C835E-0BD9-4473-ADE1-BCF93377734A}.Ad-Hoc|x64.Deploy.0 = Release|Any CPU
		{BD3C835E-0BD9-4473-ADE1-BCF93377734A}.Ad-Hoc|x86.ActiveCfg = Release|Any CPU
		{BD3C835E-0BD9-4473-ADE1-BCF93377734A}.Ad-Hoc|x86.Build.0 = Release|Any CPU
		{BD3C835E-0BD9-4473-ADE1-BCF93377734A}.Ad-Hoc|x86.Deploy.0 = Release|Any CPU
		{BD3C835E-0BD9-4473-ADE1-BCF93377734A}.AppStore|Any CPU.ActiveCfg = Release|Any CPU
		{BD3C835E-0BD9-4473-ADE1-BCF93377734A}.AppStore|Any CPU.Build.0 = Release|Any CPU
		{BD3C835E-0BD9-4473-ADE1-BCF93377734A}.AppStore|Any CPU.Deploy.0 = Release|Any CPU
		{BD3C835E-0BD9-4473-ADE1-BCF93377734A}.AppStore|ARM.ActiveCfg = Release|Any CPU
		{BD3C835E-0BD9-4473-ADE1-BCF93377734A}.AppStore|ARM.Build.0 = Release|Any CPU
		{BD3C835E-0BD9-4473-ADE1-BCF93377734A}.AppStore|ARM.Deploy.0 = Release|Any CPU
		{BD3C835E-0BD9-4473-ADE1-BCF93377734A}.AppStore|iPhone.ActiveCfg = Release|Any CPU
		{BD3C835E-0BD9-4473-ADE1-BCF93377734A}.AppStore|iPhone.Build.0 = Release|Any CPU
		{BD3C835E-0BD9-4473-ADE1-BCF93377734A}.AppStore|iPhone.Deploy.0 = Release|Any CPU
		{BD3C835E-0BD9-4473-ADE1-BCF93377734A}.AppStore|iPhoneSimulator.ActiveCfg = Release|Any CPU
		{BD3C835E-0BD9-4473-ADE1-BCF93377734A}.AppStore|iPhoneSimulator.Build.0 = Release|Any CPU
		{BD3C835E-0BD9-4473-ADE1-BCF93377734A}.AppStore|iPhoneSimulator.Deploy.0 = Release|Any CPU
		{BD3C835E-0BD9-4473-ADE1-BCF93377734A}.AppStore|x64.ActiveCfg = Release|Any CPU
		{BD3C835E-0BD9-4473-ADE1-BCF93377734A}.AppStore|x64.Build.0 = Release|Any CPU
		{BD3C835E-0BD9-4473-ADE1-BCF93377734A}.AppStore|x64.Deploy.0 = Release|Any CPU
		{BD3C835E-0BD9-4473-ADE1-BCF93377734A}.AppStore|x86.ActiveCfg = Release|Any CPU
		{BD3C835E-0BD9-4473-ADE1-BCF93377734A}.AppStore|x86.Build.0 = Release|Any CPU
		{BD3C835E-0BD9-4473-ADE1-BCF93377734A}.AppStore|x86.Deploy.0 = Release|Any CPU
		{BD3C835E-0BD9-4473-ADE1-BCF93377734A}.Debug|Any CPU.ActiveCfg = Debug|Any CPU
		{BD3C835E-0BD9-4473-ADE1-BCF93377734A}.Debug|Any CPU.Build.0 = Debug|Any CPU
		{BD3C835E-0BD9-4473-ADE1-BCF93377734A}.Debug|Any CPU.Deploy.0 = Debug|Any CPU
		{BD3C835E-0BD9-4473-ADE1-BCF93377734A}.Debug|ARM.ActiveCfg = Debug|Any CPU
		{BD3C835E-0BD9-4473-ADE1-BCF93377734A}.Debug|ARM.Build.0 = Debug|Any CPU
		{BD3C835E-0BD9-4473-ADE1-BCF93377734A}.Debug|ARM.Deploy.0 = Debug|Any CPU
		{BD3C835E-0BD9-4473-ADE1-BCF93377734A}.Debug|iPhone.ActiveCfg = Debug|Any CPU
		{BD3C835E-0BD9-4473-ADE1-BCF93377734A}.Debug|iPhone.Build.0 = Debug|Any CPU
		{BD3C835E-0BD9-4473-ADE1-BCF93377734A}.Debug|iPhone.Deploy.0 = Debug|Any CPU
		{BD3C835E-0BD9-4473-ADE1-BCF93377734A}.Debug|iPhoneSimulator.ActiveCfg = Debug|Any CPU
		{BD3C835E-0BD9-4473-ADE1-BCF93377734A}.Debug|iPhoneSimulator.Build.0 = Debug|Any CPU
		{BD3C835E-0BD9-4473-ADE1-BCF93377734A}.Debug|iPhoneSimulator.Deploy.0 = Debug|Any CPU
		{BD3C835E-0BD9-4473-ADE1-BCF93377734A}.Debug|x64.ActiveCfg = Debug|Any CPU
		{BD3C835E-0BD9-4473-ADE1-BCF93377734A}.Debug|x64.Build.0 = Debug|Any CPU
		{BD3C835E-0BD9-4473-ADE1-BCF93377734A}.Debug|x64.Deploy.0 = Debug|Any CPU
		{BD3C835E-0BD9-4473-ADE1-BCF93377734A}.Debug|x86.ActiveCfg = Debug|Any CPU
		{BD3C835E-0BD9-4473-ADE1-BCF93377734A}.Debug|x86.Build.0 = Debug|Any CPU
		{BD3C835E-0BD9-4473-ADE1-BCF93377734A}.Debug|x86.Deploy.0 = Debug|Any CPU
		{BD3C835E-0BD9-4473-ADE1-BCF93377734A}.Release|Any CPU.ActiveCfg = Release|Any CPU
		{BD3C835E-0BD9-4473-ADE1-BCF93377734A}.Release|Any CPU.Build.0 = Release|Any CPU
		{BD3C835E-0BD9-4473-ADE1-BCF93377734A}.Release|Any CPU.Deploy.0 = Release|Any CPU
		{BD3C835E-0BD9-4473-ADE1-BCF93377734A}.Release|ARM.ActiveCfg = Release|Any CPU
		{BD3C835E-0BD9-4473-ADE1-BCF93377734A}.Release|ARM.Build.0 = Release|Any CPU
		{BD3C835E-0BD9-4473-ADE1-BCF93377734A}.Release|ARM.Deploy.0 = Release|Any CPU
		{BD3C835E-0BD9-4473-ADE1-BCF93377734A}.Release|iPhone.ActiveCfg = Release|Any CPU
		{BD3C835E-0BD9-4473-ADE1-BCF93377734A}.Release|iPhone.Build.0 = Release|Any CPU
		{BD3C835E-0BD9-4473-ADE1-BCF93377734A}.Release|iPhone.Deploy.0 = Release|Any CPU
		{BD3C835E-0BD9-4473-ADE1-BCF93377734A}.Release|iPhoneSimulator.ActiveCfg = Release|Any CPU
		{BD3C835E-0BD9-4473-ADE1-BCF93377734A}.Release|iPhoneSimulator.Build.0 = Release|Any CPU
		{BD3C835E-0BD9-4473-ADE1-BCF93377734A}.Release|iPhoneSimulator.Deploy.0 = Release|Any CPU
		{BD3C835E-0BD9-4473-ADE1-BCF93377734A}.Release|x64.ActiveCfg = Release|Any CPU
		{BD3C835E-0BD9-4473-ADE1-BCF93377734A}.Release|x64.Build.0 = Release|Any CPU
		{BD3C835E-0BD9-4473-ADE1-BCF93377734A}.Release|x64.Deploy.0 = Release|Any CPU
		{BD3C835E-0BD9-4473-ADE1-BCF93377734A}.Release|x86.ActiveCfg = Release|Any CPU
		{BD3C835E-0BD9-4473-ADE1-BCF93377734A}.Release|x86.Build.0 = Release|Any CPU
		{BD3C835E-0BD9-4473-ADE1-BCF93377734A}.Release|x86.Deploy.0 = Release|Any CPU
		{A0C7638C-B112-4ADB-984D-B9FCD96CE95D}.Ad-Hoc|Any CPU.ActiveCfg = Release|Any CPU
		{A0C7638C-B112-4ADB-984D-B9FCD96CE95D}.Ad-Hoc|Any CPU.Build.0 = Release|Any CPU
		{A0C7638C-B112-4ADB-984D-B9FCD96CE95D}.Ad-Hoc|ARM.ActiveCfg = Release|Any CPU
		{A0C7638C-B112-4ADB-984D-B9FCD96CE95D}.Ad-Hoc|ARM.Build.0 = Release|Any CPU
		{A0C7638C-B112-4ADB-984D-B9FCD96CE95D}.Ad-Hoc|iPhone.ActiveCfg = Release|Any CPU
		{A0C7638C-B112-4ADB-984D-B9FCD96CE95D}.Ad-Hoc|iPhone.Build.0 = Release|Any CPU
		{A0C7638C-B112-4ADB-984D-B9FCD96CE95D}.Ad-Hoc|iPhoneSimulator.ActiveCfg = Release|Any CPU
		{A0C7638C-B112-4ADB-984D-B9FCD96CE95D}.Ad-Hoc|iPhoneSimulator.Build.0 = Release|Any CPU
		{A0C7638C-B112-4ADB-984D-B9FCD96CE95D}.Ad-Hoc|x64.ActiveCfg = Release|Any CPU
		{A0C7638C-B112-4ADB-984D-B9FCD96CE95D}.Ad-Hoc|x64.Build.0 = Release|Any CPU
		{A0C7638C-B112-4ADB-984D-B9FCD96CE95D}.Ad-Hoc|x86.ActiveCfg = Release|Any CPU
		{A0C7638C-B112-4ADB-984D-B9FCD96CE95D}.Ad-Hoc|x86.Build.0 = Release|Any CPU
		{A0C7638C-B112-4ADB-984D-B9FCD96CE95D}.AppStore|Any CPU.ActiveCfg = Release|Any CPU
		{A0C7638C-B112-4ADB-984D-B9FCD96CE95D}.AppStore|Any CPU.Build.0 = Release|Any CPU
		{A0C7638C-B112-4ADB-984D-B9FCD96CE95D}.AppStore|ARM.ActiveCfg = Release|Any CPU
		{A0C7638C-B112-4ADB-984D-B9FCD96CE95D}.AppStore|ARM.Build.0 = Release|Any CPU
		{A0C7638C-B112-4ADB-984D-B9FCD96CE95D}.AppStore|iPhone.ActiveCfg = Release|Any CPU
		{A0C7638C-B112-4ADB-984D-B9FCD96CE95D}.AppStore|iPhone.Build.0 = Release|Any CPU
		{A0C7638C-B112-4ADB-984D-B9FCD96CE95D}.AppStore|iPhoneSimulator.ActiveCfg = Release|Any CPU
		{A0C7638C-B112-4ADB-984D-B9FCD96CE95D}.AppStore|iPhoneSimulator.Build.0 = Release|Any CPU
		{A0C7638C-B112-4ADB-984D-B9FCD96CE95D}.AppStore|x64.ActiveCfg = Release|Any CPU
		{A0C7638C-B112-4ADB-984D-B9FCD96CE95D}.AppStore|x64.Build.0 = Release|Any CPU
		{A0C7638C-B112-4ADB-984D-B9FCD96CE95D}.AppStore|x86.ActiveCfg = Release|Any CPU
		{A0C7638C-B112-4ADB-984D-B9FCD96CE95D}.AppStore|x86.Build.0 = Release|Any CPU
		{A0C7638C-B112-4ADB-984D-B9FCD96CE95D}.Debug|Any CPU.ActiveCfg = Debug|Any CPU
		{A0C7638C-B112-4ADB-984D-B9FCD96CE95D}.Debug|Any CPU.Build.0 = Debug|Any CPU
		{A0C7638C-B112-4ADB-984D-B9FCD96CE95D}.Debug|ARM.ActiveCfg = Debug|Any CPU
		{A0C7638C-B112-4ADB-984D-B9FCD96CE95D}.Debug|ARM.Build.0 = Debug|Any CPU
		{A0C7638C-B112-4ADB-984D-B9FCD96CE95D}.Debug|iPhone.ActiveCfg = Debug|Any CPU
		{A0C7638C-B112-4ADB-984D-B9FCD96CE95D}.Debug|iPhone.Build.0 = Debug|Any CPU
		{A0C7638C-B112-4ADB-984D-B9FCD96CE95D}.Debug|iPhoneSimulator.ActiveCfg = Debug|Any CPU
		{A0C7638C-B112-4ADB-984D-B9FCD96CE95D}.Debug|iPhoneSimulator.Build.0 = Debug|Any CPU
		{A0C7638C-B112-4ADB-984D-B9FCD96CE95D}.Debug|x64.ActiveCfg = Debug|Any CPU
		{A0C7638C-B112-4ADB-984D-B9FCD96CE95D}.Debug|x64.Build.0 = Debug|Any CPU
		{A0C7638C-B112-4ADB-984D-B9FCD96CE95D}.Debug|x86.ActiveCfg = Debug|Any CPU
		{A0C7638C-B112-4ADB-984D-B9FCD96CE95D}.Debug|x86.Build.0 = Debug|Any CPU
		{A0C7638C-B112-4ADB-984D-B9FCD96CE95D}.Release|Any CPU.ActiveCfg = Release|Any CPU
		{A0C7638C-B112-4ADB-984D-B9FCD96CE95D}.Release|Any CPU.Build.0 = Release|Any CPU
		{A0C7638C-B112-4ADB-984D-B9FCD96CE95D}.Release|ARM.ActiveCfg = Release|Any CPU
		{A0C7638C-B112-4ADB-984D-B9FCD96CE95D}.Release|ARM.Build.0 = Release|Any CPU
		{A0C7638C-B112-4ADB-984D-B9FCD96CE95D}.Release|iPhone.ActiveCfg = Release|Any CPU
		{A0C7638C-B112-4ADB-984D-B9FCD96CE95D}.Release|iPhone.Build.0 = Release|Any CPU
		{A0C7638C-B112-4ADB-984D-B9FCD96CE95D}.Release|iPhoneSimulator.ActiveCfg = Release|Any CPU
		{A0C7638C-B112-4ADB-984D-B9FCD96CE95D}.Release|iPhoneSimulator.Build.0 = Release|Any CPU
		{A0C7638C-B112-4ADB-984D-B9FCD96CE95D}.Release|x64.ActiveCfg = Release|Any CPU
		{A0C7638C-B112-4ADB-984D-B9FCD96CE95D}.Release|x64.Build.0 = Release|Any CPU
		{A0C7638C-B112-4ADB-984D-B9FCD96CE95D}.Release|x86.ActiveCfg = Release|Any CPU
		{A0C7638C-B112-4ADB-984D-B9FCD96CE95D}.Release|x86.Build.0 = Release|Any CPU
		{453EBE71-079A-4F98-BD32-F0007EF39FE6}.Ad-Hoc|Any CPU.ActiveCfg = Release|x86
		{453EBE71-079A-4F98-BD32-F0007EF39FE6}.Ad-Hoc|Any CPU.Build.0 = Release|x86
		{453EBE71-079A-4F98-BD32-F0007EF39FE6}.Ad-Hoc|Any CPU.Deploy.0 = Release|x86
		{453EBE71-079A-4F98-BD32-F0007EF39FE6}.Ad-Hoc|ARM.ActiveCfg = Release|ARM
		{453EBE71-079A-4F98-BD32-F0007EF39FE6}.Ad-Hoc|ARM.Build.0 = Release|ARM
		{453EBE71-079A-4F98-BD32-F0007EF39FE6}.Ad-Hoc|ARM.Deploy.0 = Release|ARM
		{453EBE71-079A-4F98-BD32-F0007EF39FE6}.Ad-Hoc|iPhone.ActiveCfg = Release|x86
		{453EBE71-079A-4F98-BD32-F0007EF39FE6}.Ad-Hoc|iPhone.Build.0 = Release|x86
		{453EBE71-079A-4F98-BD32-F0007EF39FE6}.Ad-Hoc|iPhone.Deploy.0 = Release|x86
		{453EBE71-079A-4F98-BD32-F0007EF39FE6}.Ad-Hoc|iPhoneSimulator.ActiveCfg = Release|x86
		{453EBE71-079A-4F98-BD32-F0007EF39FE6}.Ad-Hoc|iPhoneSimulator.Build.0 = Release|x86
		{453EBE71-079A-4F98-BD32-F0007EF39FE6}.Ad-Hoc|iPhoneSimulator.Deploy.0 = Release|x86
		{453EBE71-079A-4F98-BD32-F0007EF39FE6}.Ad-Hoc|x64.ActiveCfg = Release|x64
		{453EBE71-079A-4F98-BD32-F0007EF39FE6}.Ad-Hoc|x64.Build.0 = Release|x64
		{453EBE71-079A-4F98-BD32-F0007EF39FE6}.Ad-Hoc|x64.Deploy.0 = Release|x64
		{453EBE71-079A-4F98-BD32-F0007EF39FE6}.Ad-Hoc|x86.ActiveCfg = Release|x86
		{453EBE71-079A-4F98-BD32-F0007EF39FE6}.Ad-Hoc|x86.Build.0 = Release|x86
		{453EBE71-079A-4F98-BD32-F0007EF39FE6}.Ad-Hoc|x86.Deploy.0 = Release|x86
		{453EBE71-079A-4F98-BD32-F0007EF39FE6}.AppStore|Any CPU.ActiveCfg = Release|x86
		{453EBE71-079A-4F98-BD32-F0007EF39FE6}.AppStore|Any CPU.Build.0 = Release|x86
		{453EBE71-079A-4F98-BD32-F0007EF39FE6}.AppStore|Any CPU.Deploy.0 = Release|x86
		{453EBE71-079A-4F98-BD32-F0007EF39FE6}.AppStore|ARM.ActiveCfg = Release|ARM
		{453EBE71-079A-4F98-BD32-F0007EF39FE6}.AppStore|ARM.Build.0 = Release|ARM
		{453EBE71-079A-4F98-BD32-F0007EF39FE6}.AppStore|ARM.Deploy.0 = Release|ARM
		{453EBE71-079A-4F98-BD32-F0007EF39FE6}.AppStore|iPhone.ActiveCfg = Release|x86
		{453EBE71-079A-4F98-BD32-F0007EF39FE6}.AppStore|iPhone.Build.0 = Release|x86
		{453EBE71-079A-4F98-BD32-F0007EF39FE6}.AppStore|iPhone.Deploy.0 = Release|x86
		{453EBE71-079A-4F98-BD32-F0007EF39FE6}.AppStore|iPhoneSimulator.ActiveCfg = Release|x86
		{453EBE71-079A-4F98-BD32-F0007EF39FE6}.AppStore|iPhoneSimulator.Build.0 = Release|x86
		{453EBE71-079A-4F98-BD32-F0007EF39FE6}.AppStore|iPhoneSimulator.Deploy.0 = Release|x86
		{453EBE71-079A-4F98-BD32-F0007EF39FE6}.AppStore|x64.ActiveCfg = Release|x64
		{453EBE71-079A-4F98-BD32-F0007EF39FE6}.AppStore|x64.Build.0 = Release|x64
		{453EBE71-079A-4F98-BD32-F0007EF39FE6}.AppStore|x64.Deploy.0 = Release|x64
		{453EBE71-079A-4F98-BD32-F0007EF39FE6}.AppStore|x86.ActiveCfg = Release|x86
		{453EBE71-079A-4F98-BD32-F0007EF39FE6}.AppStore|x86.Build.0 = Release|x86
		{453EBE71-079A-4F98-BD32-F0007EF39FE6}.AppStore|x86.Deploy.0 = Release|x86
		{453EBE71-079A-4F98-BD32-F0007EF39FE6}.Debug|Any CPU.ActiveCfg = Debug|x86
		{453EBE71-079A-4F98-BD32-F0007EF39FE6}.Debug|ARM.ActiveCfg = Debug|ARM
		{453EBE71-079A-4F98-BD32-F0007EF39FE6}.Debug|ARM.Build.0 = Debug|ARM
		{453EBE71-079A-4F98-BD32-F0007EF39FE6}.Debug|ARM.Deploy.0 = Debug|ARM
		{453EBE71-079A-4F98-BD32-F0007EF39FE6}.Debug|iPhone.ActiveCfg = Debug|x86
		{453EBE71-079A-4F98-BD32-F0007EF39FE6}.Debug|iPhoneSimulator.ActiveCfg = Debug|x86
		{453EBE71-079A-4F98-BD32-F0007EF39FE6}.Debug|x64.ActiveCfg = Debug|x64
		{453EBE71-079A-4F98-BD32-F0007EF39FE6}.Debug|x64.Build.0 = Debug|x64
		{453EBE71-079A-4F98-BD32-F0007EF39FE6}.Debug|x64.Deploy.0 = Debug|x64
		{453EBE71-079A-4F98-BD32-F0007EF39FE6}.Debug|x86.ActiveCfg = Debug|x86
		{453EBE71-079A-4F98-BD32-F0007EF39FE6}.Debug|x86.Build.0 = Debug|x86
		{453EBE71-079A-4F98-BD32-F0007EF39FE6}.Debug|x86.Deploy.0 = Debug|x86
		{453EBE71-079A-4F98-BD32-F0007EF39FE6}.Release|Any CPU.ActiveCfg = Release|x86
		{453EBE71-079A-4F98-BD32-F0007EF39FE6}.Release|ARM.ActiveCfg = Release|ARM
		{453EBE71-079A-4F98-BD32-F0007EF39FE6}.Release|ARM.Build.0 = Release|ARM
		{453EBE71-079A-4F98-BD32-F0007EF39FE6}.Release|ARM.Deploy.0 = Release|ARM
		{453EBE71-079A-4F98-BD32-F0007EF39FE6}.Release|iPhone.ActiveCfg = Release|x86
		{453EBE71-079A-4F98-BD32-F0007EF39FE6}.Release|iPhoneSimulator.ActiveCfg = Release|x86
		{453EBE71-079A-4F98-BD32-F0007EF39FE6}.Release|x64.ActiveCfg = Release|x64
		{453EBE71-079A-4F98-BD32-F0007EF39FE6}.Release|x64.Build.0 = Release|x64
		{453EBE71-079A-4F98-BD32-F0007EF39FE6}.Release|x64.Deploy.0 = Release|x64
		{453EBE71-079A-4F98-BD32-F0007EF39FE6}.Release|x86.ActiveCfg = Release|x86
		{453EBE71-079A-4F98-BD32-F0007EF39FE6}.Release|x86.Build.0 = Release|x86
		{453EBE71-079A-4F98-BD32-F0007EF39FE6}.Release|x86.Deploy.0 = Release|x86
		{575F7CD7-A575-4FCC-93C6-209B16743995}.Ad-Hoc|Any CPU.ActiveCfg = Ad-Hoc|iPhone
		{575F7CD7-A575-4FCC-93C6-209B16743995}.Ad-Hoc|ARM.ActiveCfg = Ad-Hoc|iPhone
		{575F7CD7-A575-4FCC-93C6-209B16743995}.Ad-Hoc|iPhone.ActiveCfg = Ad-Hoc|iPhone
		{575F7CD7-A575-4FCC-93C6-209B16743995}.Ad-Hoc|iPhone.Build.0 = Ad-Hoc|iPhone
		{575F7CD7-A575-4FCC-93C6-209B16743995}.Ad-Hoc|iPhoneSimulator.ActiveCfg = Ad-Hoc|iPhoneSimulator
		{575F7CD7-A575-4FCC-93C6-209B16743995}.Ad-Hoc|iPhoneSimulator.Build.0 = Ad-Hoc|iPhoneSimulator
		{575F7CD7-A575-4FCC-93C6-209B16743995}.Ad-Hoc|x64.ActiveCfg = Ad-Hoc|iPhone
		{575F7CD7-A575-4FCC-93C6-209B16743995}.Ad-Hoc|x86.ActiveCfg = Ad-Hoc|iPhone
		{575F7CD7-A575-4FCC-93C6-209B16743995}.AppStore|Any CPU.ActiveCfg = AppStore|iPhone
		{575F7CD7-A575-4FCC-93C6-209B16743995}.AppStore|ARM.ActiveCfg = AppStore|iPhone
		{575F7CD7-A575-4FCC-93C6-209B16743995}.AppStore|iPhone.ActiveCfg = AppStore|iPhone
		{575F7CD7-A575-4FCC-93C6-209B16743995}.AppStore|iPhone.Build.0 = AppStore|iPhone
		{575F7CD7-A575-4FCC-93C6-209B16743995}.AppStore|iPhoneSimulator.ActiveCfg = AppStore|iPhoneSimulator
		{575F7CD7-A575-4FCC-93C6-209B16743995}.AppStore|iPhoneSimulator.Build.0 = AppStore|iPhoneSimulator
		{575F7CD7-A575-4FCC-93C6-209B16743995}.AppStore|x64.ActiveCfg = AppStore|iPhone
		{575F7CD7-A575-4FCC-93C6-209B16743995}.AppStore|x86.ActiveCfg = AppStore|iPhone
		{575F7CD7-A575-4FCC-93C6-209B16743995}.Debug|Any CPU.ActiveCfg = Debug|iPhone
		{575F7CD7-A575-4FCC-93C6-209B16743995}.Debug|ARM.ActiveCfg = Debug|iPhone
		{575F7CD7-A575-4FCC-93C6-209B16743995}.Debug|iPhone.ActiveCfg = Debug|iPhone
		{575F7CD7-A575-4FCC-93C6-209B16743995}.Debug|iPhone.Build.0 = Debug|iPhone
		{575F7CD7-A575-4FCC-93C6-209B16743995}.Debug|iPhoneSimulator.ActiveCfg = Debug|iPhoneSimulator
		{575F7CD7-A575-4FCC-93C6-209B16743995}.Debug|iPhoneSimulator.Build.0 = Debug|iPhoneSimulator
		{575F7CD7-A575-4FCC-93C6-209B16743995}.Debug|x64.ActiveCfg = Debug|iPhone
		{575F7CD7-A575-4FCC-93C6-209B16743995}.Debug|x86.ActiveCfg = Debug|iPhone
		{575F7CD7-A575-4FCC-93C6-209B16743995}.Release|Any CPU.ActiveCfg = Release|iPhone
		{575F7CD7-A575-4FCC-93C6-209B16743995}.Release|ARM.ActiveCfg = Release|iPhone
		{575F7CD7-A575-4FCC-93C6-209B16743995}.Release|iPhone.ActiveCfg = Release|iPhone
		{575F7CD7-A575-4FCC-93C6-209B16743995}.Release|iPhone.Build.0 = Release|iPhone
		{575F7CD7-A575-4FCC-93C6-209B16743995}.Release|iPhoneSimulator.ActiveCfg = Release|iPhoneSimulator
		{575F7CD7-A575-4FCC-93C6-209B16743995}.Release|iPhoneSimulator.Build.0 = Release|iPhoneSimulator
		{575F7CD7-A575-4FCC-93C6-209B16743995}.Release|x64.ActiveCfg = Release|iPhone
		{575F7CD7-A575-4FCC-93C6-209B16743995}.Release|x86.ActiveCfg = Release|iPhone
		{67F9D3A8-F71E-4428-913F-C37AE82CDB24}.Ad-Hoc|Any CPU.ActiveCfg = Release|Any CPU
		{67F9D3A8-F71E-4428-913F-C37AE82CDB24}.Ad-Hoc|Any CPU.Build.0 = Release|Any CPU
		{67F9D3A8-F71E-4428-913F-C37AE82CDB24}.Ad-Hoc|ARM.ActiveCfg = Release|Any CPU
		{67F9D3A8-F71E-4428-913F-C37AE82CDB24}.Ad-Hoc|ARM.Build.0 = Release|Any CPU
		{67F9D3A8-F71E-4428-913F-C37AE82CDB24}.Ad-Hoc|iPhone.ActiveCfg = Release|Any CPU
		{67F9D3A8-F71E-4428-913F-C37AE82CDB24}.Ad-Hoc|iPhone.Build.0 = Release|Any CPU
		{67F9D3A8-F71E-4428-913F-C37AE82CDB24}.Ad-Hoc|iPhoneSimulator.ActiveCfg = Release|Any CPU
		{67F9D3A8-F71E-4428-913F-C37AE82CDB24}.Ad-Hoc|iPhoneSimulator.Build.0 = Release|Any CPU
		{67F9D3A8-F71E-4428-913F-C37AE82CDB24}.Ad-Hoc|x64.ActiveCfg = Release|Any CPU
		{67F9D3A8-F71E-4428-913F-C37AE82CDB24}.Ad-Hoc|x64.Build.0 = Release|Any CPU
		{67F9D3A8-F71E-4428-913F-C37AE82CDB24}.Ad-Hoc|x86.ActiveCfg = Release|Any CPU
		{67F9D3A8-F71E-4428-913F-C37AE82CDB24}.Ad-Hoc|x86.Build.0 = Release|Any CPU
		{67F9D3A8-F71E-4428-913F-C37AE82CDB24}.AppStore|Any CPU.ActiveCfg = Release|Any CPU
		{67F9D3A8-F71E-4428-913F-C37AE82CDB24}.AppStore|Any CPU.Build.0 = Release|Any CPU
		{67F9D3A8-F71E-4428-913F-C37AE82CDB24}.AppStore|ARM.ActiveCfg = Release|Any CPU
		{67F9D3A8-F71E-4428-913F-C37AE82CDB24}.AppStore|ARM.Build.0 = Release|Any CPU
		{67F9D3A8-F71E-4428-913F-C37AE82CDB24}.AppStore|iPhone.ActiveCfg = Release|Any CPU
		{67F9D3A8-F71E-4428-913F-C37AE82CDB24}.AppStore|iPhone.Build.0 = Release|Any CPU
		{67F9D3A8-F71E-4428-913F-C37AE82CDB24}.AppStore|iPhoneSimulator.ActiveCfg = Release|Any CPU
		{67F9D3A8-F71E-4428-913F-C37AE82CDB24}.AppStore|iPhoneSimulator.Build.0 = Release|Any CPU
		{67F9D3A8-F71E-4428-913F-C37AE82CDB24}.AppStore|x64.ActiveCfg = Release|Any CPU
		{67F9D3A8-F71E-4428-913F-C37AE82CDB24}.AppStore|x64.Build.0 = Release|Any CPU
		{67F9D3A8-F71E-4428-913F-C37AE82CDB24}.AppStore|x86.ActiveCfg = Release|Any CPU
		{67F9D3A8-F71E-4428-913F-C37AE82CDB24}.AppStore|x86.Build.0 = Release|Any CPU
		{67F9D3A8-F71E-4428-913F-C37AE82CDB24}.Debug|Any CPU.ActiveCfg = Debug|Any CPU
		{67F9D3A8-F71E-4428-913F-C37AE82CDB24}.Debug|Any CPU.Build.0 = Debug|Any CPU
		{67F9D3A8-F71E-4428-913F-C37AE82CDB24}.Debug|ARM.ActiveCfg = Debug|Any CPU
		{67F9D3A8-F71E-4428-913F-C37AE82CDB24}.Debug|ARM.Build.0 = Debug|Any CPU
		{67F9D3A8-F71E-4428-913F-C37AE82CDB24}.Debug|iPhone.ActiveCfg = Debug|Any CPU
		{67F9D3A8-F71E-4428-913F-C37AE82CDB24}.Debug|iPhone.Build.0 = Debug|Any CPU
		{67F9D3A8-F71E-4428-913F-C37AE82CDB24}.Debug|iPhoneSimulator.ActiveCfg = Debug|Any CPU
		{67F9D3A8-F71E-4428-913F-C37AE82CDB24}.Debug|iPhoneSimulator.Build.0 = Debug|Any CPU
		{67F9D3A8-F71E-4428-913F-C37AE82CDB24}.Debug|x64.ActiveCfg = Debug|Any CPU
		{67F9D3A8-F71E-4428-913F-C37AE82CDB24}.Debug|x64.Build.0 = Debug|Any CPU
		{67F9D3A8-F71E-4428-913F-C37AE82CDB24}.Debug|x86.ActiveCfg = Debug|Any CPU
		{67F9D3A8-F71E-4428-913F-C37AE82CDB24}.Debug|x86.Build.0 = Debug|Any CPU
		{67F9D3A8-F71E-4428-913F-C37AE82CDB24}.Release|Any CPU.ActiveCfg = Release|Any CPU
		{67F9D3A8-F71E-4428-913F-C37AE82CDB24}.Release|Any CPU.Build.0 = Release|Any CPU
		{67F9D3A8-F71E-4428-913F-C37AE82CDB24}.Release|ARM.ActiveCfg = Release|Any CPU
		{67F9D3A8-F71E-4428-913F-C37AE82CDB24}.Release|ARM.Build.0 = Release|Any CPU
		{67F9D3A8-F71E-4428-913F-C37AE82CDB24}.Release|iPhone.ActiveCfg = Release|Any CPU
		{67F9D3A8-F71E-4428-913F-C37AE82CDB24}.Release|iPhone.Build.0 = Release|Any CPU
		{67F9D3A8-F71E-4428-913F-C37AE82CDB24}.Release|iPhoneSimulator.ActiveCfg = Release|Any CPU
		{67F9D3A8-F71E-4428-913F-C37AE82CDB24}.Release|iPhoneSimulator.Build.0 = Release|Any CPU
		{67F9D3A8-F71E-4428-913F-C37AE82CDB24}.Release|x64.ActiveCfg = Release|Any CPU
		{67F9D3A8-F71E-4428-913F-C37AE82CDB24}.Release|x64.Build.0 = Release|Any CPU
		{67F9D3A8-F71E-4428-913F-C37AE82CDB24}.Release|x86.ActiveCfg = Release|Any CPU
		{67F9D3A8-F71E-4428-913F-C37AE82CDB24}.Release|x86.Build.0 = Release|Any CPU
		{FB54B934-1538-43DF-B63E-E4EE1E1825BE}.Ad-Hoc|Any CPU.ActiveCfg = Release|Any CPU
		{FB54B934-1538-43DF-B63E-E4EE1E1825BE}.Ad-Hoc|Any CPU.Build.0 = Release|Any CPU
		{FB54B934-1538-43DF-B63E-E4EE1E1825BE}.Ad-Hoc|ARM.ActiveCfg = Release|Any CPU
		{FB54B934-1538-43DF-B63E-E4EE1E1825BE}.Ad-Hoc|ARM.Build.0 = Release|Any CPU
		{FB54B934-1538-43DF-B63E-E4EE1E1825BE}.Ad-Hoc|iPhone.ActiveCfg = Release|Any CPU
		{FB54B934-1538-43DF-B63E-E4EE1E1825BE}.Ad-Hoc|iPhone.Build.0 = Release|Any CPU
		{FB54B934-1538-43DF-B63E-E4EE1E1825BE}.Ad-Hoc|iPhoneSimulator.ActiveCfg = Release|Any CPU
		{FB54B934-1538-43DF-B63E-E4EE1E1825BE}.Ad-Hoc|iPhoneSimulator.Build.0 = Release|Any CPU
		{FB54B934-1538-43DF-B63E-E4EE1E1825BE}.Ad-Hoc|x64.ActiveCfg = Release|Any CPU
		{FB54B934-1538-43DF-B63E-E4EE1E1825BE}.Ad-Hoc|x64.Build.0 = Release|Any CPU
		{FB54B934-1538-43DF-B63E-E4EE1E1825BE}.Ad-Hoc|x86.ActiveCfg = Release|Any CPU
		{FB54B934-1538-43DF-B63E-E4EE1E1825BE}.Ad-Hoc|x86.Build.0 = Release|Any CPU
		{FB54B934-1538-43DF-B63E-E4EE1E1825BE}.AppStore|Any CPU.ActiveCfg = Release|Any CPU
		{FB54B934-1538-43DF-B63E-E4EE1E1825BE}.AppStore|Any CPU.Build.0 = Release|Any CPU
		{FB54B934-1538-43DF-B63E-E4EE1E1825BE}.AppStore|ARM.ActiveCfg = Release|Any CPU
		{FB54B934-1538-43DF-B63E-E4EE1E1825BE}.AppStore|ARM.Build.0 = Release|Any CPU
		{FB54B934-1538-43DF-B63E-E4EE1E1825BE}.AppStore|iPhone.ActiveCfg = Release|Any CPU
		{FB54B934-1538-43DF-B63E-E4EE1E1825BE}.AppStore|iPhone.Build.0 = Release|Any CPU
		{FB54B934-1538-43DF-B63E-E4EE1E1825BE}.AppStore|iPhoneSimulator.ActiveCfg = Release|Any CPU
		{FB54B934-1538-43DF-B63E-E4EE1E1825BE}.AppStore|iPhoneSimulator.Build.0 = Release|Any CPU
		{FB54B934-1538-43DF-B63E-E4EE1E1825BE}.AppStore|x64.ActiveCfg = Release|Any CPU
		{FB54B934-1538-43DF-B63E-E4EE1E1825BE}.AppStore|x64.Build.0 = Release|Any CPU
		{FB54B934-1538-43DF-B63E-E4EE1E1825BE}.AppStore|x86.ActiveCfg = Release|Any CPU
		{FB54B934-1538-43DF-B63E-E4EE1E1825BE}.AppStore|x86.Build.0 = Release|Any CPU
		{FB54B934-1538-43DF-B63E-E4EE1E1825BE}.Debug|Any CPU.ActiveCfg = Debug|Any CPU
		{FB54B934-1538-43DF-B63E-E4EE1E1825BE}.Debug|Any CPU.Build.0 = Debug|Any CPU
		{FB54B934-1538-43DF-B63E-E4EE1E1825BE}.Debug|ARM.ActiveCfg = Debug|Any CPU
		{FB54B934-1538-43DF-B63E-E4EE1E1825BE}.Debug|ARM.Build.0 = Debug|Any CPU
		{FB54B934-1538-43DF-B63E-E4EE1E1825BE}.Debug|iPhone.ActiveCfg = Debug|Any CPU
		{FB54B934-1538-43DF-B63E-E4EE1E1825BE}.Debug|iPhone.Build.0 = Debug|Any CPU
		{FB54B934-1538-43DF-B63E-E4EE1E1825BE}.Debug|iPhoneSimulator.ActiveCfg = Debug|Any CPU
		{FB54B934-1538-43DF-B63E-E4EE1E1825BE}.Debug|iPhoneSimulator.Build.0 = Debug|Any CPU
		{FB54B934-1538-43DF-B63E-E4EE1E1825BE}.Debug|x64.ActiveCfg = Debug|Any CPU
		{FB54B934-1538-43DF-B63E-E4EE1E1825BE}.Debug|x64.Build.0 = Debug|Any CPU
		{FB54B934-1538-43DF-B63E-E4EE1E1825BE}.Debug|x86.ActiveCfg = Debug|Any CPU
		{FB54B934-1538-43DF-B63E-E4EE1E1825BE}.Debug|x86.Build.0 = Debug|Any CPU
		{FB54B934-1538-43DF-B63E-E4EE1E1825BE}.Release|Any CPU.ActiveCfg = Release|Any CPU
		{FB54B934-1538-43DF-B63E-E4EE1E1825BE}.Release|Any CPU.Build.0 = Release|Any CPU
		{FB54B934-1538-43DF-B63E-E4EE1E1825BE}.Release|ARM.ActiveCfg = Release|Any CPU
		{FB54B934-1538-43DF-B63E-E4EE1E1825BE}.Release|ARM.Build.0 = Release|Any CPU
		{FB54B934-1538-43DF-B63E-E4EE1E1825BE}.Release|iPhone.ActiveCfg = Release|Any CPU
		{FB54B934-1538-43DF-B63E-E4EE1E1825BE}.Release|iPhone.Build.0 = Release|Any CPU
		{FB54B934-1538-43DF-B63E-E4EE1E1825BE}.Release|iPhoneSimulator.ActiveCfg = Release|Any CPU
		{FB54B934-1538-43DF-B63E-E4EE1E1825BE}.Release|iPhoneSimulator.Build.0 = Release|Any CPU
		{FB54B934-1538-43DF-B63E-E4EE1E1825BE}.Release|x64.ActiveCfg = Release|Any CPU
		{FB54B934-1538-43DF-B63E-E4EE1E1825BE}.Release|x64.Build.0 = Release|Any CPU
		{FB54B934-1538-43DF-B63E-E4EE1E1825BE}.Release|x86.ActiveCfg = Release|Any CPU
		{FB54B934-1538-43DF-B63E-E4EE1E1825BE}.Release|x86.Build.0 = Release|Any CPU
	EndGlobalSection
	GlobalSection(SolutionProperties) = preSolution
		HideSolutionNode = FALSE
	EndGlobalSection
	GlobalSection(NestedProjects) = preSolution
		{79623C90-8DAB-4DFC-954B-95F4210694DB} = {A18A1382-B21B-467F-9618-7A1C6853E032}
		{BD3C835E-0BD9-4473-ADE1-BCF93377734A} = {8A51FF5F-5334-4D8C-AC2F-90A5D15CCADE}
		{A0C7638C-B112-4ADB-984D-B9FCD96CE95D} = {8A51FF5F-5334-4D8C-AC2F-90A5D15CCADE}
		{453EBE71-079A-4F98-BD32-F0007EF39FE6} = {8A51FF5F-5334-4D8C-AC2F-90A5D15CCADE}
		{575F7CD7-A575-4FCC-93C6-209B16743995} = {8A51FF5F-5334-4D8C-AC2F-90A5D15CCADE}
		{67F9D3A8-F71E-4428-913F-C37AE82CDB24} = {B3814DD8-6EC3-4D5B-A1DB-8DC83DDEC02B}
		{FB54B934-1538-43DF-B63E-E4EE1E1825BE} = {B3814DD8-6EC3-4D5B-A1DB-8DC83DDEC02B}
	EndGlobalSection
EndGlobal
